// !$*UTF8*$!
{
	archiveVersion = 1;
	classes = {
	};
	objectVersion = 55;
	objects = {

/* Begin PBXBuildFile section */
		0EC21DDC27944A0800562625 /* MainTabView.swift in Sources */ = {isa = PBXBuildFile; fileRef = 0EC21DDB27944A0800562625 /* MainTabView.swift */; };
		0ECE26CE27941B9700F18D72 /* FamousSayingApp.swift in Sources */ = {isa = PBXBuildFile; fileRef = 0ECE26CD27941B9700F18D72 /* FamousSayingApp.swift */; };
		0ECE26D227941B9800F18D72 /* Assets.xcassets in Resources */ = {isa = PBXBuildFile; fileRef = 0ECE26D127941B9800F18D72 /* Assets.xcassets */; };
		0ECE26D527941B9800F18D72 /* Preview Assets.xcassets in Resources */ = {isa = PBXBuildFile; fileRef = 0ECE26D427941B9800F18D72 /* Preview Assets.xcassets */; };
		0ECE26D727941B9800F18D72 /* Persistence.swift in Sources */ = {isa = PBXBuildFile; fileRef = 0ECE26D627941B9800F18D72 /* Persistence.swift */; };
		0ECE26DA27941B9800F18D72 /* FamousSaying.xcdatamodeld in Sources */ = {isa = PBXBuildFile; fileRef = 0ECE26D827941B9800F18D72 /* FamousSaying.xcdatamodeld */; };
		0ECE26E227941C3100F18D72 /* TodayView.swift in Sources */ = {isa = PBXBuildFile; fileRef = 0ECE26E127941C3100F18D72 /* TodayView.swift */; };
		0ECE26E527941F5800F18D72 /* BackgroundImage.swift in Sources */ = {isa = PBXBuildFile; fileRef = 0ECE26E427941F5800F18D72 /* BackgroundImage.swift */; };
		0ECE26E82794200F00F18D72 /* ResizedImage.swift in Sources */ = {isa = PBXBuildFile; fileRef = 0ECE26E72794200F00F18D72 /* ResizedImage.swift */; };
/* End PBXBuildFile section */

/* Begin PBXFileReference section */
		0EC21DDB27944A0800562625 /* MainTabView.swift */ = {isa = PBXFileReference; lastKnownFileType = sourcecode.swift; path = MainTabView.swift; sourceTree = "<group>"; };
		0ECE26CA27941B9700F18D72 /* FamousSaying.app */ = {isa = PBXFileReference; explicitFileType = wrapper.application; includeInIndex = 0; path = FamousSaying.app; sourceTree = BUILT_PRODUCTS_DIR; };
		0ECE26CD27941B9700F18D72 /* FamousSayingApp.swift */ = {isa = PBXFileReference; lastKnownFileType = sourcecode.swift; path = FamousSayingApp.swift; sourceTree = "<group>"; };
		0ECE26D127941B9800F18D72 /* Assets.xcassets */ = {isa = PBXFileReference; lastKnownFileType = folder.assetcatalog; path = Assets.xcassets; sourceTree = "<group>"; };
		0ECE26D427941B9800F18D72 /* Preview Assets.xcassets */ = {isa = PBXFileReference; lastKnownFileType = folder.assetcatalog; path = "Preview Assets.xcassets"; sourceTree = "<group>"; };
		0ECE26D627941B9800F18D72 /* Persistence.swift */ = {isa = PBXFileReference; lastKnownFileType = sourcecode.swift; path = Persistence.swift; sourceTree = "<group>"; };
		0ECE26D927941B9800F18D72 /* FamousSaying.xcdatamodel */ = {isa = PBXFileReference; lastKnownFileType = wrapper.xcdatamodel; path = FamousSaying.xcdatamodel; sourceTree = "<group>"; };
		0ECE26E127941C3100F18D72 /* TodayView.swift */ = {isa = PBXFileReference; lastKnownFileType = sourcecode.swift; path = TodayView.swift; sourceTree = "<group>"; };
		0ECE26E427941F5800F18D72 /* BackgroundImage.swift */ = {isa = PBXFileReference; lastKnownFileType = sourcecode.swift; path = BackgroundImage.swift; sourceTree = "<group>"; };
		0ECE26E72794200F00F18D72 /* ResizedImage.swift */ = {isa = PBXFileReference; lastKnownFileType = sourcecode.swift; path = ResizedImage.swift; sourceTree = "<group>"; };
/* End PBXFileReference section */

/* Begin PBXFrameworksBuildPhase section */
		0ECE26C727941B9700F18D72 /* Frameworks */ = {
			isa = PBXFrameworksBuildPhase;
			buildActionMask = 2147483647;
			files = (
			);
			runOnlyForDeploymentPostprocessing = 0;
		};
/* End PBXFrameworksBuildPhase section */

/* Begin PBXGroup section */
		0ECE26C127941B9700F18D72 = {
			isa = PBXGroup;
			children = (
				0ECE26CC27941B9700F18D72 /* FamousSaying */,
				0ECE26CB27941B9700F18D72 /* Products */,
			);
			sourceTree = "<group>";
		};
		0ECE26CB27941B9700F18D72 /* Products */ = {
			isa = PBXGroup;
			children = (
				0ECE26CA27941B9700F18D72 /* FamousSaying.app */,
			);
			name = Products;
			sourceTree = "<group>";
		};
		0ECE26CC27941B9700F18D72 /* FamousSaying */ = {
			isa = PBXGroup;
			children = (
				0ECE26E627941FFE00F18D72 /* CustomView */,
				0ECE26E027941BF500F18D72 /* View */,
				0ECE26CD27941B9700F18D72 /* FamousSayingApp.swift */,
				0ECE26D127941B9800F18D72 /* Assets.xcassets */,
				0ECE26D627941B9800F18D72 /* Persistence.swift */,
				0ECE26D827941B9800F18D72 /* FamousSaying.xcdatamodeld */,
				0ECE26D327941B9800F18D72 /* Preview Content */,
			);
			path = FamousSaying;
			sourceTree = "<group>";
		};
		0ECE26D327941B9800F18D72 /* Preview Content */ = {
			isa = PBXGroup;
			children = (
				0ECE26D427941B9800F18D72 /* Preview Assets.xcassets */,
			);
			path = "Preview Content";
			sourceTree = "<group>";
		};
		0ECE26E027941BF500F18D72 /* View */ = {
			isa = PBXGroup;
			children = (
				0ECE26E327941F4800F18D72 /* Today */,
				0EC21DDB27944A0800562625 /* MainTabView.swift */,
			);
			path = View;
			sourceTree = "<group>";
		};
		0ECE26E327941F4800F18D72 /* Today */ = {
			isa = PBXGroup;
			children = (
				0ECE26E127941C3100F18D72 /* TodayView.swift */,
				0ECE26E427941F5800F18D72 /* BackgroundImage.swift */,
			);
			path = Today;
			sourceTree = "<group>";
		};
		0ECE26E627941FFE00F18D72 /* CustomView */ = {
			isa = PBXGroup;
			children = (
				0ECE26E72794200F00F18D72 /* ResizedImage.swift */,
			);
			path = CustomView;
			sourceTree = "<group>";
		};
/* End PBXGroup section */

/* Begin PBXNativeTarget section */
		0ECE26C927941B9700F18D72 /* FamousSaying */ = {
			isa = PBXNativeTarget;
			buildConfigurationList = 0ECE26DD27941B9800F18D72 /* Build configuration list for PBXNativeTarget "FamousSaying" */;
			buildPhases = (
				0ECE26C627941B9700F18D72 /* Sources */,
				0ECE26C727941B9700F18D72 /* Frameworks */,
				0ECE26C827941B9700F18D72 /* Resources */,
			);
			buildRules = (
			);
			dependencies = (
			);
			name = FamousSaying;
			productName = FamousSaying;
			productReference = 0ECE26CA27941B9700F18D72 /* FamousSaying.app */;
			productType = "com.apple.product-type.application";
		};
/* End PBXNativeTarget section */

/* Begin PBXProject section */
		0ECE26C227941B9700F18D72 /* Project object */ = {
			isa = PBXProject;
			attributes = {
				BuildIndependentTargetsInParallel = 1;
				LastSwiftUpdateCheck = 1300;
				LastUpgradeCheck = 1300;
				TargetAttributes = {
					0ECE26C927941B9700F18D72 = {
						CreatedOnToolsVersion = 13.0;
					};
				};
			};
			buildConfigurationList = 0ECE26C527941B9700F18D72 /* Build configuration list for PBXProject "FamousSaying" */;
			compatibilityVersion = "Xcode 13.0";
			developmentRegion = en;
			hasScannedForEncodings = 0;
			knownRegions = (
				en,
				Base,
			);
			mainGroup = 0ECE26C127941B9700F18D72;
			productRefGroup = 0ECE26CB27941B9700F18D72 /* Products */;
			projectDirPath = "";
			projectRoot = "";
			targets = (
				0ECE26C927941B9700F18D72 /* FamousSaying */,
			);
		};
/* End PBXProject section */

/* Begin PBXResourcesBuildPhase section */
		0ECE26C827941B9700F18D72 /* Resources */ = {
			isa = PBXResourcesBuildPhase;
			buildActionMask = 2147483647;
			files = (
				0ECE26D527941B9800F18D72 /* Preview Assets.xcassets in Resources */,
				0ECE26D227941B9800F18D72 /* Assets.xcassets in Resources */,
			);
			runOnlyForDeploymentPostprocessing = 0;
		};
/* End PBXResourcesBuildPhase section */

/* Begin PBXSourcesBuildPhase section */
		0ECE26C627941B9700F18D72 /* Sources */ = {
			isa = PBXSourcesBuildPhase;
			buildActionMask = 2147483647;
			files = (
				0ECE26E82794200F00F18D72 /* ResizedImage.swift in Sources */,
				0ECE26D727941B9800F18D72 /* Persistence.swift in Sources */,
				0ECE26CE27941B9700F18D72 /* FamousSayingApp.swift in Sources */,
				0ECE26E227941C3100F18D72 /* TodayView.swift in Sources */,
				0EC21DDC27944A0800562625 /* MainTabView.swift in Sources */,
				0ECE26E527941F5800F18D72 /* BackgroundImage.swift in Sources */,
				0ECE26DA27941B9800F18D72 /* FamousSaying.xcdatamodeld in Sources */,
			);
			runOnlyForDeploymentPostprocessing = 0;
		};
/* End PBXSourcesBuildPhase section */

/* Begin XCBuildConfiguration section */
		0ECE26DB27941B9800F18D72 /* Debug */ = {
			isa = XCBuildConfiguration;
			buildSettings = {
				ALWAYS_SEARCH_USER_PATHS = NO;
				CLANG_ANALYZER_NONNULL = YES;
				CLANG_ANALYZER_NUMBER_OBJECT_CONVERSION = YES_AGGRESSIVE;
				CLANG_CXX_LANGUAGE_STANDARD = "gnu++17";
				CLANG_CXX_LIBRARY = "libc++";
				CLANG_ENABLE_MODULES = YES;
				CLANG_ENABLE_OBJC_ARC = YES;
				CLANG_ENABLE_OBJC_WEAK = YES;
				CLANG_WARN_BLOCK_CAPTURE_AUTORELEASING = YES;
				CLANG_WARN_BOOL_CONVERSION = YES;
				CLANG_WARN_COMMA = YES;
				CLANG_WARN_CONSTANT_CONVERSION = YES;
				CLANG_WARN_DEPRECATED_OBJC_IMPLEMENTATIONS = YES;
				CLANG_WARN_DIRECT_OBJC_ISA_USAGE = YES_ERROR;
				CLANG_WARN_DOCUMENTATION_COMMENTS = YES;
				CLANG_WARN_EMPTY_BODY = YES;
				CLANG_WARN_ENUM_CONVERSION = YES;
				CLANG_WARN_INFINITE_RECURSION = YES;
				CLANG_WARN_INT_CONVERSION = YES;
				CLANG_WARN_NON_LITERAL_NULL_CONVERSION = YES;
				CLANG_WARN_OBJC_IMPLICIT_RETAIN_SELF = YES;
				CLANG_WARN_OBJC_LITERAL_CONVERSION = YES;
				CLANG_WARN_OBJC_ROOT_CLASS = YES_ERROR;
				CLANG_WARN_QUOTED_INCLUDE_IN_FRAMEWORK_HEADER = YES;
				CLANG_WARN_RANGE_LOOP_ANALYSIS = YES;
				CLANG_WARN_STRICT_PROTOTYPES = YES;
				CLANG_WARN_SUSPICIOUS_MOVE = YES;
				CLANG_WARN_UNGUARDED_AVAILABILITY = YES_AGGRESSIVE;
				CLANG_WARN_UNREACHABLE_CODE = YES;
				CLANG_WARN__DUPLICATE_METHOD_MATCH = YES;
				COPY_PHASE_STRIP = NO;
				DEBUG_INFORMATION_FORMAT = dwarf;
				ENABLE_STRICT_OBJC_MSGSEND = YES;
				ENABLE_TESTABILITY = YES;
				GCC_C_LANGUAGE_STANDARD = gnu11;
				GCC_DYNAMIC_NO_PIC = NO;
				GCC_NO_COMMON_BLOCKS = YES;
				GCC_OPTIMIZATION_LEVEL = 0;
				GCC_PREPROCESSOR_DEFINITIONS = (
					"DEBUG=1",
					"$(inherited)",
				);
				GCC_WARN_64_TO_32_BIT_CONVERSION = YES;
				GCC_WARN_ABOUT_RETURN_TYPE = YES_ERROR;
				GCC_WARN_UNDECLARED_SELECTOR = YES;
				GCC_WARN_UNINITIALIZED_AUTOS = YES_AGGRESSIVE;
				GCC_WARN_UNUSED_FUNCTION = YES;
				GCC_WARN_UNUSED_VARIABLE = YES;
				IPHONEOS_DEPLOYMENT_TARGET = 15.0;
				MTL_ENABLE_DEBUG_INFO = INCLUDE_SOURCE;
				MTL_FAST_MATH = YES;
				ONLY_ACTIVE_ARCH = YES;
				SDKROOT = iphoneos;
				SWIFT_ACTIVE_COMPILATION_CONDITIONS = DEBUG;
				SWIFT_OPTIMIZATION_LEVEL = "-Onone";
			};
			name = Debug;
		};
		0ECE26DC27941B9800F18D72 /* Release */ = {
			isa = XCBuildConfiguration;
			buildSettings = {
				ALWAYS_SEARCH_USER_PATHS = NO;
				CLANG_ANALYZER_NONNULL = YES;
				CLANG_ANALYZER_NUMBER_OBJECT_CONVERSION = YES_AGGRESSIVE;
				CLANG_CXX_LANGUAGE_STANDARD = "gnu++17";
				CLANG_CXX_LIBRARY = "libc++";
				CLANG_ENABLE_MODULES = YES;
				CLANG_ENABLE_OBJC_ARC = YES;
				CLANG_ENABLE_OBJC_WEAK = YES;
				CLANG_WARN_BLOCK_CAPTURE_AUTORELEASING = YES;
				CLANG_WARN_BOOL_CONVERSION = YES;
				CLANG_WARN_COMMA = YES;
				CLANG_WARN_CONSTANT_CONVERSION = YES;
				CLANG_WARN_DEPRECATED_OBJC_IMPLEMENTATIONS = YES;
				CLANG_WARN_DIRECT_OBJC_ISA_USAGE = YES_ERROR;
				CLANG_WARN_DOCUMENTATION_COMMENTS = YES;
				CLANG_WARN_EMPTY_BODY = YES;
				CLANG_WARN_ENUM_CONVERSION = YES;
				CLANG_WARN_INFINITE_RECURSION = YES;
				CLANG_WARN_INT_CONVERSION = YES;
				CLANG_WARN_NON_LITERAL_NULL_CONVERSION = YES;
				CLANG_WARN_OBJC_IMPLICIT_RETAIN_SELF = YES;
				CLANG_WARN_OBJC_LITERAL_CONVERSION = YES;
				CLANG_WARN_OBJC_ROOT_CLASS = YES_ERROR;
				CLANG_WARN_QUOTED_INCLUDE_IN_FRAMEWORK_HEADER = YES;
				CLANG_WARN_RANGE_LOOP_ANALYSIS = YES;
				CLANG_WARN_STRICT_PROTOTYPES = YES;
				CLANG_WARN_SUSPICIOUS_MOVE = YES;
				CLANG_WARN_UNGUARDED_AVAILABILITY = YES_AGGRESSIVE;
				CLANG_WARN_UNREACHABLE_CODE = YES;
				CLANG_WARN__DUPLICATE_METHOD_MATCH = YES;
				COPY_PHASE_STRIP = NO;
				DEBUG_INFORMATION_FORMAT = "dwarf-with-dsym";
				ENABLE_NS_ASSERTIONS = NO;
				ENABLE_STRICT_OBJC_MSGSEND = YES;
				GCC_C_LANGUAGE_STANDARD = gnu11;
				GCC_NO_COMMON_BLOCKS = YES;
				GCC_WARN_64_TO_32_BIT_CONVERSION = YES;
				GCC_WARN_ABOUT_RETURN_TYPE = YES_ERROR;
				GCC_WARN_UNDECLARED_SELECTOR = YES;
				GCC_WARN_UNINITIALIZED_AUTOS = YES_AGGRESSIVE;
				GCC_WARN_UNUSED_FUNCTION = YES;
				GCC_WARN_UNUSED_VARIABLE = YES;
				IPHONEOS_DEPLOYMENT_TARGET = 15.0;
				MTL_ENABLE_DEBUG_INFO = NO;
				MTL_FAST_MATH = YES;
				SDKROOT = iphoneos;
				SWIFT_COMPILATION_MODE = wholemodule;
				SWIFT_OPTIMIZATION_LEVEL = "-O";
				VALIDATE_PRODUCT = YES;
			};
			name = Release;
		};
		0ECE26DE27941B9800F18D72 /* Debug */ = {
			isa = XCBuildConfiguration;
			buildSettings = {
				ASSETCATALOG_COMPILER_APPICON_NAME = AppIcon;
				ASSETCATALOG_COMPILER_GLOBAL_ACCENT_COLOR_NAME = AccentColor;
				CODE_SIGN_STYLE = Automatic;
				CURRENT_PROJECT_VERSION = 1;
				DEVELOPMENT_ASSET_PATHS = "\"FamousSaying/Preview Content\"";
				DEVELOPMENT_TEAM = 8PRV428ULN;
				ENABLE_PREVIEWS = YES;
				GENERATE_INFOPLIST_FILE = YES;
				INFOPLIST_KEY_UIApplicationSceneManifest_Generation = YES;
				INFOPLIST_KEY_UIApplicationSupportsIndirectInputEvents = YES;
				INFOPLIST_KEY_UILaunchScreen_Generation = YES;
				INFOPLIST_KEY_UISupportedInterfaceOrientations_iPad = "UIInterfaceOrientationPortrait UIInterfaceOrientationPortraitUpsideDown UIInterfaceOrientationLandscapeLeft UIInterfaceOrientationLandscapeRight";
				INFOPLIST_KEY_UISupportedInterfaceOrientations_iPhone = "UIInterfaceOrientationPortrait UIInterfaceOrientationLandscapeLeft UIInterfaceOrientationLandscapeRight";
				IPHONEOS_DEPLOYMENT_TARGET = 15.0;
				LD_RUNPATH_SEARCH_PATHS = (
					"$(inherited)",
					"@executable_path/Frameworks",
				);
				MARKETING_VERSION = 1.0;
				PRODUCT_BUNDLE_IDENTIFIER = "J-Min.FamousSaying";
				PRODUCT_NAME = "$(TARGET_NAME)";
				SWIFT_EMIT_LOC_STRINGS = YES;
				SWIFT_VERSION = 5.0;
				TARGETED_DEVICE_FAMILY = 1;
			};
			name = Debug;
		};
		0ECE26DF27941B9800F18D72 /* Release */ = {
			isa = XCBuildConfiguration;
			buildSettings = {
				ASSETCATALOG_COMPILER_APPICON_NAME = AppIcon;
				ASSETCATALOG_COMPILER_GLOBAL_ACCENT_COLOR_NAME = AccentColor;
				CODE_SIGN_STYLE = Automatic;
				CURRENT_PROJECT_VERSION = 1;
				DEVELOPMENT_ASSET_PATHS = "\"FamousSaying/Preview Content\"";
				DEVELOPMENT_TEAM = 8PRV428ULN;
				ENABLE_PREVIEWS = YES;
				GENERATE_INFOPLIST_FILE = YES;
				INFOPLIST_KEY_UIApplicationSceneManifest_Generation = YES;
				INFOPLIST_KEY_UIApplicationSupportsIndirectInputEvents = YES;
				INFOPLIST_KEY_UILaunchScreen_Generation = YES;
				INFOPLIST_KEY_UISupportedInterfaceOrientations_iPad = "UIInterfaceOrientationPortrait UIInterfaceOrientationPortraitUpsideDown UIInterfaceOrientationLandscapeLeft UIInterfaceOrientationLandscapeRight";
				INFOPLIST_KEY_UISupportedInterfaceOrientations_iPhone = "UIInterfaceOrientationPortrait UIInterfaceOrientationLandscapeLeft UIInterfaceOrientationLandscapeRight";
				IPHONEOS_DEPLOYMENT_TARGET = 15.0;
				LD_RUNPATH_SEARCH_PATHS = (
					"$(inherited)",
					"@executable_path/Frameworks",
				);
				MARKETING_VERSION = 1.0;
				PRODUCT_BUNDLE_IDENTIFIER = "J-Min.FamousSaying";
				PRODUCT_NAME = "$(TARGET_NAME)";
				SWIFT_EMIT_LOC_STRINGS = YES;
				SWIFT_VERSION = 5.0;
				TARGETED_DEVICE_FAMILY = 1;
			};
			name = Release;
		};
/* End XCBuildConfiguration section */

/* Begin XCConfigurationList section */
		0ECE26C527941B9700F18D72 /* Build configuration list for PBXProject "FamousSaying" */ = {
			isa = XCConfigurationList;
			buildConfigurations = (
				0ECE26DB27941B9800F18D72 /* Debug */,
				0ECE26DC27941B9800F18D72 /* Release */,
			);
			defaultConfigurationIsVisible = 0;
			defaultConfigurationName = Release;
		};
		0ECE26DD27941B9800F18D72 /* Build configuration list for PBXNativeTarget "FamousSaying" */ = {
			isa = XCConfigurationList;
			buildConfigurations = (
				0ECE26DE27941B9800F18D72 /* Debug */,
				0ECE26DF27941B9800F18D72 /* Release */,
			);
			defaultConfigurationIsVisible = 0;
			defaultConfigurationName = Release;
		};
/* End XCConfigurationList section */

/* Begin XCVersionGroup section */
		0ECE26D827941B9800F18D72 /* FamousSaying.xcdatamodeld */ = {
			isa = XCVersionGroup;
			children = (
				0ECE26D927941B9800F18D72 /* FamousSaying.xcdatamodel */,
			);
			currentVersion = 0ECE26D927941B9800F18D72 /* FamousSaying.xcdatamodel */;
			path = FamousSaying.xcdatamodeld;
			sourceTree = "<group>";
			versionGroupType = wrapper.xcdatamodel;
		};
/* End XCVersionGroup section */
	};
	rootObject = 0ECE26C227941B9700F18D72 /* Project object */;
}
